{
  "version": 4,
  "terraform_version": "1.13.1",
  "serial": 13,
  "lineage": "636e9c9c-e378-bec5-9d72-b9836b942141",
  "outputs": {},
  "resources": [
    {
      "mode": "managed",
      "type": "helm_release",
      "name": "nginx",
      "provider": "provider[\"registry.terraform.io/hashicorp/helm\"]",
      "instances": [
        {
          "schema_version": 1,
          "attributes": {
            "atomic": false,
            "chart": "nginx",
            "cleanup_on_fail": false,
            "create_namespace": false,
            "dependency_update": false,
            "description": null,
            "devel": null,
            "disable_crd_hooks": false,
            "disable_openapi_validation": false,
            "disable_webhooks": false,
            "force_update": false,
            "id": "nginx",
            "keyring": null,
            "lint": false,
            "manifest": null,
            "max_history": 0,
            "metadata": [
              {
                "app_version": "1.25.0",
                "chart": "nginx",
                "first_deployed": 1759096540,
                "last_deployed": 1759096540,
                "name": "nginx",
                "namespace": "dev",
                "notes": "CHART NAME: nginx\nCHART VERSION: 15.0.0\nAPP VERSION: 1.25.0\n\n** Please be patient while the chart is being deployed **\nNGINX can be accessed through the following DNS name from within your cluster:\n\n    nginx.dev.svc.cluster.local (port 80)\n\nTo access NGINX from outside the cluster, follow the steps below:\n\n1. Get the NGINX URL by running these commands:\n\n    export NODE_PORT=$(kubectl get --namespace dev -o jsonpath=\"{.spec.ports[0].nodePort}\" services nginx)\n    export NODE_IP=$(kubectl get nodes --namespace dev -o jsonpath=\"{.items[0].status.addresses[0].address}\")\n    echo \"http://${NODE_IP}:${NODE_PORT}\"\nWARNING: Rolling tag detected (bitnami/nginx:latest), please note that it is strongly recommended to avoid using rolling tags in a production environment.\n+info https://docs.bitnami.com/containers/how-to/understand-rolling-tags-containers/\n",
                "revision": 1,
                "values": "{\"image\":{\"tag\":\"latest\"},\"replicaCount\":2,\"service\":{\"type\":\"NodePort\"}}",
                "version": "15.0.0"
              }
            ],
            "name": "nginx",
            "namespace": "dev",
            "pass_credentials": false,
            "postrender": [],
            "recreate_pods": false,
            "render_subchart_notes": true,
            "replace": false,
            "repository": "https://charts.bitnami.com/bitnami",
            "repository_ca_file": null,
            "repository_cert_file": null,
            "repository_key_file": null,
            "repository_password": null,
            "repository_username": null,
            "reset_values": false,
            "reuse_values": false,
            "set": [],
            "set_list": [],
            "set_sensitive": [],
            "skip_crds": false,
            "status": "deployed",
            "timeout": 300,
            "upgrade_install": null,
            "values": [
              "# used later to override Helm chart defaults\r\nreplicaCount: 2\r\nservice:\r\n  type: NodePort\r\nimage:\r\n  tag: latest\r\n"
            ],
            "verify": false,
            "version": "15.0.0",
            "wait": true,
            "wait_for_jobs": false
          },
          "sensitive_attributes": [
            [
              {
                "type": "get_attr",
                "value": "repository_password"
              }
            ]
          ],
          "identity_schema_version": 0,
          "private": "eyJzY2hlbWFfdmVyc2lvbiI6IjEifQ==",
          "dependencies": [
            "kubernetes_namespace.dev"
          ]
        }
      ]
    },
    {
      "mode": "managed",
      "type": "kubernetes_namespace",
      "name": "dev",
      "provider": "provider[\"registry.terraform.io/hashicorp/kubernetes\"]",
      "instances": [
        {
          "schema_version": 0,
          "attributes": {
            "id": "dev",
            "metadata": [
              {
                "annotations": null,
                "generate_name": "",
                "generation": 0,
                "labels": null,
                "name": "dev",
                "resource_version": "15181",
                "uid": "1b65865b-36f0-4226-b6fa-c1b2489b135e"
              }
            ],
            "timeouts": null,
            "wait_for_default_service_account": false
          },
          "sensitive_attributes": [],
          "identity_schema_version": 1,
          "identity": {
            "api_version": "v1",
            "kind": "Namespace",
            "name": "dev"
          },
          "private": "eyJlMmJmYjczMC1lY2FhLTExZTYtOGY4OC0zNDM2M2JjN2M0YzAiOnsiZGVsZXRlIjozMDAwMDAwMDAwMDB9fQ=="
        }
      ]
    }
  ],
  "check_results": null
}
